
Microsoft Visual Studio Solution File, Format Version 12.00
# Visual Studio Version 17
VisualStudioVersion = 17.11.35219.272
MinimumVisualStudioVersion = 10.0.40219.1
Project("{8BC9CEB8-8B4A-11D0-8D11-00A0C91BC942}") = "Ch3Ex6", "Ch3Ex6.vcxproj", "{5667B313-0C54-4AA1-9841-236B8DCA2E59}"
EndProject
Global
	GlobalSection(SolutionConfigurationPlatforms) = preSolution
		Debug|x64 = Debug|x64
		Debug|x86 = Debug|x86
		Release|x64 = Release|x64
		Release|x86 = Release|x86
	EndGlobalSection
	GlobalSection(ProjectConfigurationPlatforms) = postSolution
		{5667B313-0C54-4AA1-9841-236B8DCA2E59}.Debug|x64.ActiveCfg = Debug|x64
		{5667B313-0C54-4AA1-9841-236B8DCA2E59}.Debug|x64.Build.0 = Debug|x64
		{5667B313-0C54-4AA1-9841-236B8DCA2E59}.Debug|x86.ActiveCfg = Debug|Win32
		{5667B313-0C54-4AA1-9841-236B8DCA2E59}.Debug|x86.Build.0 = Debug|Win32
		{5667B313-0C54-4AA1-9841-236B8DCA2E59}.Release|x64.ActiveCfg = Release|x64
		{5667B313-0C54-4AA1-9841-236B8DCA2E59}.Release|x64.Build.0 = Release|x64
		{5667B313-0C54-4AA1-9841-236B8DCA2E59}.Release|x86.ActiveCfg = Release|Win32
		{5667B313-0C54-4AA1-9841-236B8DCA2E59}.Release|x86.Build.0 = Release|Win32
	EndGlobalSection
	GlobalSection(SolutionProperties) = preSolution
		HideSolutionNode = FALSE
	EndGlobalSection
	GlobalSection(ExtensibilityGlobals) = postSolution
		SolutionGuid = {75D55383-DEB2-44CF-AAA3-04E313ADBEB0}
	EndGlobalSection
EndGlobal
